
Microsoft Visual Studio Solution File, Format Version 12.00
# Visual Studio Version 17
VisualStudioVersion = 17.0.32112.339
MinimumVisualStudioVersion = 10.0.40219.1
Project("{FAE04EC0-301F-11D3-BF4B-00C04F79EFBC}") = "Album.Api", "Album.Api\Album.Api.csproj", "{2FFD92F1-DD63-4E04-BB4B-6590A018C29E}"
EndProject
Project("{FAE04EC0-301F-11D3-BF4B-00C04F79EFBC}") = "album.api.Tests", "album.api.Tests\album.api.Tests.csproj", "{548D283E-644B-4AA8-9865-FC18386EC18D}"
EndProject
Global
	GlobalSection(SolutionConfigurationPlatforms) = preSolution
		Debug|Any CPU = Debug|Any CPU
		Release|Any CPU = Release|Any CPU
	EndGlobalSection
	GlobalSection(ProjectConfigurationPlatforms) = postSolution
		{2FFD92F1-DD63-4E04-BB4B-6590A018C29E}.Debug|Any CPU.ActiveCfg = Debug|Any CPU
		{2FFD92F1-DD63-4E04-BB4B-6590A018C29E}.Debug|Any CPU.Build.0 = Debug|Any CPU
		{2FFD92F1-DD63-4E04-BB4B-6590A018C29E}.Release|Any CPU.ActiveCfg = Release|Any CPU
		{2FFD92F1-DD63-4E04-BB4B-6590A018C29E}.Release|Any CPU.Build.0 = Release|Any CPU
		{548D283E-644B-4AA8-9865-FC18386EC18D}.Debug|Any CPU.ActiveCfg = Debug|Any CPU
		{548D283E-644B-4AA8-9865-FC18386EC18D}.Debug|Any CPU.Build.0 = Debug|Any CPU
		{548D283E-644B-4AA8-9865-FC18386EC18D}.Release|Any CPU.ActiveCfg = Release|Any CPU
		{548D283E-644B-4AA8-9865-FC18386EC18D}.Release|Any CPU.Build.0 = Release|Any CPU
	EndGlobalSection
	GlobalSection(SolutionProperties) = preSolution
		HideSolutionNode = FALSE
	EndGlobalSection
	GlobalSection(ExtensibilityGlobals) = postSolution
		SolutionGuid = {C9CD3310-102E-4CF9-B12F-FF315D95BB91}
	EndGlobalSection
EndGlobal
